
Microsoft Visual Studio Solution File, Format Version 12.00
# Visual Studio 15
VisualStudioVersion = 15.0.28010.2036
MinimumVisualStudioVersion = 10.0.40219.1
Project("{FAE04EC0-301F-11D3-BF4B-00C04F79EFBC}") = "Simple HWID Spoofer", "Simple HWID Spoofer\Simple HWID Spoofer.csproj", "{EA66AA5E-F72E-4FCE-9E83-94997146622A}"
EndProject
Global
	GlobalSection(SolutionConfigurationPlatforms) = preSolution
		Debug|Any CPU = Debug|Any CPU
		Release|Any CPU = Release|Any CPU
	EndGlobalSection
	GlobalSection(ProjectConfigurationPlatforms) = postSolution
		{EA66AA5E-F72E-4FCE-9E83-94997146622A}.Debug|Any CPU.ActiveCfg = Debug|Any CPU
		{EA66AA5E-F72E-4FCE-9E83-94997146622A}.Debug|Any CPU.Build.0 = Debug|Any CPU
		{EA66AA5E-F72E-4FCE-9E83-94997146622A}.Release|Any CPU.ActiveCfg = Release|Any CPU
		{EA66AA5E-F72E-4FCE-9E83-94997146622A}.Release|Any CPU.Build.0 = Release|Any CPU
	EndGlobalSection
	GlobalSection(SolutionProperties) = preSolution
		HideSolutionNode = FALSE
	EndGlobalSection
	GlobalSection(ExtensibilityGlobals) = postSolution
		SolutionGuid = {CE6A10B1-30DF-4BE4-969E-40D68E792D2D}
	EndGlobalSection
EndGlobal
